
Microsoft Visual Studio Solution File, Format Version 12.00
# Visual Studio Version 17
VisualStudioVersion = 17.3.32901.215
MinimumVisualStudioVersion = 10.0.40219.1
Project("{FAE04EC0-301F-11D3-BF4B-00C04F79EFBC}") = "favNumPractice", "favNumPractice\favNumPractice.csproj", "{349D535E-71E8-41E1-A169-34E3C8EB2932}"
EndProject
Global
	GlobalSection(SolutionConfigurationPlatforms) = preSolution
		Debug|Any CPU = Debug|Any CPU
		Release|Any CPU = Release|Any CPU
	EndGlobalSection
	GlobalSection(ProjectConfigurationPlatforms) = postSolution
		{349D535E-71E8-41E1-A169-34E3C8EB2932}.Debug|Any CPU.ActiveCfg = Debug|Any CPU
		{349D535E-71E8-41E1-A169-34E3C8EB2932}.Debug|Any CPU.Build.0 = Debug|Any CPU
		{349D535E-71E8-41E1-A169-34E3C8EB2932}.Release|Any CPU.ActiveCfg = Release|Any CPU
		{349D535E-71E8-41E1-A169-34E3C8EB2932}.Release|Any CPU.Build.0 = Release|Any CPU
	EndGlobalSection
	GlobalSection(SolutionProperties) = preSolution
		HideSolutionNode = FALSE
	EndGlobalSection
	GlobalSection(ExtensibilityGlobals) = postSolution
		SolutionGuid = {952C7A3F-9133-42F2-B221-2FAD884BEA34}
	EndGlobalSection
EndGlobal
